
Microsoft Visual Studio Solution File, Format Version 12.00
# Visual Studio 15
Project("{FAE04EC0-301F-11D3-BF4B-00C04F79EFBC}") = "RaresAStar", "RaresAStar.csproj", "{2232F534-EBB6-4048-89DA-6B64BCF2AC47}"
EndProject
Global
	GlobalSection(SolutionConfigurationPlatforms) = preSolution
		Debug|Any CPU = Debug|Any CPU
		Release|Any CPU = Release|Any CPU
	EndGlobalSection
	GlobalSection(ProjectConfigurationPlatforms) = postSolution
		{2232F534-EBB6-4048-89DA-6B64BCF2AC47}.Debug|Any CPU.ActiveCfg = Debug|Any CPU
		{2232F534-EBB6-4048-89DA-6B64BCF2AC47}.Debug|Any CPU.Build.0 = Debug|Any CPU
		{2232F534-EBB6-4048-89DA-6B64BCF2AC47}.Release|Any CPU.ActiveCfg = Release|Any CPU
		{2232F534-EBB6-4048-89DA-6B64BCF2AC47}.Release|Any CPU.Build.0 = Release|Any CPU
	EndGlobalSection
EndGlobal
